
Microsoft Visual Studio Solution File, Format Version 12.00
# Visual Studio 15
VisualStudioVersion = 15.0.27130.2010
MinimumVisualStudioVersion = 10.0.40219.1
Project("{FAE04EC0-301F-11D3-BF4B-00C04F79EFBC}") = "practice20180421.Android", "practice20180421\practice20180421.Android\practice20180421.Android.csproj", "{172B8401-131B-4F23-87C4-C999A3EE3E02}"
EndProject
Project("{FAE04EC0-301F-11D3-BF4B-00C04F79EFBC}") = "practice20180421.iOS", "practice20180421\practice20180421.iOS\practice20180421.iOS.csproj", "{7B610FF3-32B4-4250-9012-E39F490AD15A}"
EndProject
Project("{FAE04EC0-301F-11D3-BF4B-00C04F79EFBC}") = "practice20180421", "practice20180421\practice20180421\practice20180421.csproj", "{7C39CA5F-7E11-4AD6-B3E9-816AC761D677}"
EndProject
Global
	GlobalSection(SolutionConfigurationPlatforms) = preSolution
		Ad-Hoc|Any CPU = Ad-Hoc|Any CPU
		Ad-Hoc|iPhone = Ad-Hoc|iPhone
		Ad-Hoc|iPhoneSimulator = Ad-Hoc|iPhoneSimulator
		AppStore|Any CPU = AppStore|Any CPU
		AppStore|iPhone = AppStore|iPhone
		AppStore|iPhoneSimulator = AppStore|iPhoneSimulator
		Debug|Any CPU = Debug|Any CPU
		Debug|iPhone = Debug|iPhone
		Debug|iPhoneSimulator = Debug|iPhoneSimulator
		Release|Any CPU = Release|Any CPU
		Release|iPhone = Release|iPhone
		Release|iPhoneSimulator = Release|iPhoneSimulator
	EndGlobalSection
	GlobalSection(ProjectConfigurationPlatforms) = postSolution
		{172B8401-131B-4F23-87C4-C999A3EE3E02}.Ad-Hoc|Any CPU.ActiveCfg = Release|Any CPU
		{172B8401-131B-4F23-87C4-C999A3EE3E02}.Ad-Hoc|Any CPU.Build.0 = Release|Any CPU
		{172B8401-131B-4F23-87C4-C999A3EE3E02}.Ad-Hoc|Any CPU.Deploy.0 = Release|Any CPU
		{172B8401-131B-4F23-87C4-C999A3EE3E02}.Ad-Hoc|iPhone.ActiveCfg = Release|Any CPU
		{172B8401-131B-4F23-87C4-C999A3EE3E02}.Ad-Hoc|iPhone.Build.0 = Release|Any CPU
		{172B8401-131B-4F23-87C4-C999A3EE3E02}.Ad-Hoc|iPhone.Deploy.0 = Release|Any CPU
		{172B8401-131B-4F23-87C4-C999A3EE3E02}.Ad-Hoc|iPhoneSimulator.ActiveCfg = Release|Any CPU
		{172B8401-131B-4F23-87C4-C999A3EE3E02}.Ad-Hoc|iPhoneSimulator.Build.0 = Release|Any CPU
		{172B8401-131B-4F23-87C4-C999A3EE3E02}.Ad-Hoc|iPhoneSimulator.Deploy.0 = Release|Any CPU
		{172B8401-131B-4F23-87C4-C999A3EE3E02}.AppStore|Any CPU.ActiveCfg = Release|Any CPU
		{172B8401-131B-4F23-87C4-C999A3EE3E02}.AppStore|Any CPU.Build.0 = Release|Any CPU
		{172B8401-131B-4F23-87C4-C999A3EE3E02}.AppStore|Any CPU.Deploy.0 = Release|Any CPU
		{172B8401-131B-4F23-87C4-C999A3EE3E02}.AppStore|iPhone.ActiveCfg = Release|Any CPU
		{172B8401-131B-4F23-87C4-C999A3EE3E02}.AppStore|iPhone.Build.0 = Release|Any CPU
		{172B8401-131B-4F23-87C4-C999A3EE3E02}.AppStore|iPhone.Deploy.0 = Release|Any CPU
		{172B8401-131B-4F23-87C4-C999A3EE3E02}.AppStore|iPhoneSimulator.ActiveCfg = Release|Any CPU
		{172B8401-131B-4F23-87C4-C999A3EE3E02}.AppStore|iPhoneSimulator.Build.0 = Release|Any CPU
		{172B8401-131B-4F23-87C4-C999A3EE3E02}.AppStore|iPhoneSimulator.Deploy.0 = Release|Any CPU
		{172B8401-131B-4F23-87C4-C999A3EE3E02}.Debug|Any CPU.ActiveCfg = Debug|Any CPU
		{172B8401-131B-4F23-87C4-C999A3EE3E02}.Debug|Any CPU.Build.0 = Debug|Any CPU
		{172B8401-131B-4F23-87C4-C999A3EE3E02}.Debug|Any CPU.Deploy.0 = Debug|Any CPU
		{172B8401-131B-4F23-87C4-C999A3EE3E02}.Debug|iPhone.ActiveCfg = Debug|Any CPU
		{172B8401-131B-4F23-87C4-C999A3EE3E02}.Debug|iPhone.Build.0 = Debug|Any CPU
		{172B8401-131B-4F23-87C4-C999A3EE3E02}.Debug|iPhone.Deploy.0 = Debug|Any CPU
		{172B8401-131B-4F23-87C4-C999A3EE3E02}.Debug|iPhoneSimulator.ActiveCfg = Debug|Any CPU
		{172B8401-131B-4F23-87C4-C999A3EE3E02}.Debug|iPhoneSimulator.Build.0 = Debug|Any CPU
		{172B8401-131B-4F23-87C4-C999A3EE3E02}.Debug|iPhoneSimulator.Deploy.0 = Debug|Any CPU
		{172B8401-131B-4F23-87C4-C999A3EE3E02}.Release|Any CPU.ActiveCfg = Release|Any CPU
		{172B8401-131B-4F23-87C4-C999A3EE3E02}.Release|Any CPU.Build.0 = Release|Any CPU
		{172B8401-131B-4F23-87C4-C999A3EE3E02}.Release|Any CPU.Deploy.0 = Release|Any CPU
		{172B8401-131B-4F23-87C4-C999A3EE3E02}.Release|iPhone.ActiveCfg = Release|Any CPU
		{172B8401-131B-4F23-87C4-C999A3EE3E02}.Release|iPhone.Build.0 = Release|Any CPU
		{172B8401-131B-4F23-87C4-C999A3EE3E02}.Release|iPhone.Deploy.0 = Release|Any CPU
		{172B8401-131B-4F23-87C4-C999A3EE3E02}.Release|iPhoneSimulator.ActiveCfg = Release|Any CPU
		{172B8401-131B-4F23-87C4-C999A3EE3E02}.Release|iPhoneSimulator.Build.0 = Release|Any CPU
		{172B8401-131B-4F23-87C4-C999A3EE3E02}.Release|iPhoneSimulator.Deploy.0 = Release|Any CPU
		{7B610FF3-32B4-4250-9012-E39F490AD15A}.Ad-Hoc|Any CPU.ActiveCfg = Ad-Hoc|iPhone
		{7B610FF3-32B4-4250-9012-E39F490AD15A}.Ad-Hoc|iPhone.ActiveCfg = Ad-Hoc|iPhone
		{7B610FF3-32B4-4250-9012-E39F490AD15A}.Ad-Hoc|iPhone.Build.0 = Ad-Hoc|iPhone
		{7B610FF3-32B4-4250-9012-E39F490AD15A}.Ad-Hoc|iPhoneSimulator.ActiveCfg = Ad-Hoc|iPhoneSimulator
		{7B610FF3-32B4-4250-9012-E39F490AD15A}.Ad-Hoc|iPhoneSimulator.Build.0 = Ad-Hoc|iPhoneSimulator
		{7B610FF3-32B4-4250-9012-E39F490AD15A}.AppStore|Any CPU.ActiveCfg = AppStore|iPhone
		{7B610FF3-32B4-4250-9012-E39F490AD15A}.AppStore|iPhone.ActiveCfg = AppStore|iPhone
		{7B610FF3-32B4-4250-9012-E39F490AD15A}.AppStore|iPhone.Build.0 = AppStore|iPhone
		{7B610FF3-32B4-4250-9012-E39F490AD15A}.AppStore|iPhoneSimulator.ActiveCfg = AppStore|iPhoneSimulator
		{7B610FF3-32B4-4250-9012-E39F490AD15A}.AppStore|iPhoneSimulator.Build.0 = AppStore|iPhoneSimulator
		{7B610FF3-32B4-4250-9012-E39F490AD15A}.Debug|Any CPU.ActiveCfg = Debug|iPhone
		{7B610FF3-32B4-4250-9012-E39F490AD15A}.Debug|iPhone.ActiveCfg = Debug|iPhone
		{7B610FF3-32B4-4250-9012-E39F490AD15A}.Debug|iPhone.Build.0 = Debug|iPhone
		{7B610FF3-32B4-4250-9012-E39F490AD15A}.Debug|iPhoneSimulator.ActiveCfg = Debug|iPhoneSimulator
		{7B610FF3-32B4-4250-9012-E39F490AD15A}.Debug|iPhoneSimulator.Build.0 = Debug|iPhoneSimulator
		{7B610FF3-32B4-4250-9012-E39F490AD15A}.Release|Any CPU.ActiveCfg = Release|iPhone
		{7B610FF3-32B4-4250-9012-E39F490AD15A}.Release|iPhone.ActiveCfg = Release|iPhone
		{7B610FF3-32B4-4250-9012-E39F490AD15A}.Release|iPhone.Build.0 = Release|iPhone
		{7B610FF3-32B4-4250-9012-E39F490AD15A}.Release|iPhoneSimulator.ActiveCfg = Release|iPhoneSimulator
		{7B610FF3-32B4-4250-9012-E39F490AD15A}.Release|iPhoneSimulator.Build.0 = Release|iPhoneSimulator
		{7C39CA5F-7E11-4AD6-B3E9-816AC761D677}.Ad-Hoc|Any CPU.ActiveCfg = Debug|Any CPU
		{7C39CA5F-7E11-4AD6-B3E9-816AC761D677}.Ad-Hoc|Any CPU.Build.0 = Debug|Any CPU
		{7C39CA5F-7E11-4AD6-B3E9-816AC761D677}.Ad-Hoc|iPhone.ActiveCfg = Debug|Any CPU
		{7C39CA5F-7E11-4AD6-B3E9-816AC761D677}.Ad-Hoc|iPhone.Build.0 = Debug|Any CPU
		{7C39CA5F-7E11-4AD6-B3E9-816AC761D677}.Ad-Hoc|iPhoneSimulator.ActiveCfg = Debug|Any CPU
		{7C39CA5F-7E11-4AD6-B3E9-816AC761D677}.Ad-Hoc|iPhoneSimulator.Build.0 = Debug|Any CPU
		{7C39CA5F-7E11-4AD6-B3E9-816AC761D677}.AppStore|Any CPU.ActiveCfg = Debug|Any CPU
		{7C39CA5F-7E11-4AD6-B3E9-816AC761D677}.AppStore|Any CPU.Build.0 = Debug|Any CPU
		{7C39CA5F-7E11-4AD6-B3E9-816AC761D677}.AppStore|iPhone.ActiveCfg = Debug|Any CPU
		{7C39CA5F-7E11-4AD6-B3E9-816AC761D677}.AppStore|iPhone.Build.0 = Debug|Any CPU
		{7C39CA5F-7E11-4AD6-B3E9-816AC761D677}.AppStore|iPhoneSimulator.ActiveCfg = Debug|Any CPU
		{7C39CA5F-7E11-4AD6-B3E9-816AC761D677}.AppStore|iPhoneSimulator.Build.0 = Debug|Any CPU
		{7C39CA5F-7E11-4AD6-B3E9-816AC761D677}.Debug|Any CPU.ActiveCfg = Debug|Any CPU
		{7C39CA5F-7E11-4AD6-B3E9-816AC761D677}.Debug|Any CPU.Build.0 = Debug|Any CPU
		{7C39CA5F-7E11-4AD6-B3E9-816AC761D677}.Debug|iPhone.ActiveCfg = Debug|Any CPU
		{7C39CA5F-7E11-4AD6-B3E9-816AC761D677}.Debug|iPhone.Build.0 = Debug|Any CPU
		{7C39CA5F-7E11-4AD6-B3E9-816AC761D677}.Debug|iPhoneSimulator.ActiveCfg = Debug|Any CPU
		{7C39CA5F-7E11-4AD6-B3E9-816AC761D677}.Debug|iPhoneSimulator.Build.0 = Debug|Any CPU
		{7C39CA5F-7E11-4AD6-B3E9-816AC761D677}.Release|Any CPU.ActiveCfg = Release|Any CPU
		{7C39CA5F-7E11-4AD6-B3E9-816AC761D677}.Release|Any CPU.Build.0 = Release|Any CPU
		{7C39CA5F-7E11-4AD6-B3E9-816AC761D677}.Release|iPhone.ActiveCfg = Release|Any CPU
		{7C39CA5F-7E11-4AD6-B3E9-816AC761D677}.Release|iPhone.Build.0 = Release|Any CPU
		{7C39CA5F-7E11-4AD6-B3E9-816AC761D677}.Release|iPhoneSimulator.ActiveCfg = Release|Any CPU
		{7C39CA5F-7E11-4AD6-B3E9-816AC761D677}.Release|iPhoneSimulator.Build.0 = Release|Any CPU
	EndGlobalSection
	GlobalSection(SolutionProperties) = preSolution
		HideSolutionNode = FALSE
	EndGlobalSection
	GlobalSection(ExtensibilityGlobals) = postSolution
		SolutionGuid = {4DAEEA50-E879-42FB-9641-C74C31F7119F}
	EndGlobalSection
EndGlobal
